# This file is automatically @generated by Cargo.
# It is not intended for manual editing.
version = 4

[[package]]
name = "conan"
version = "1.0.0"
dependencies = [
 "conan-database",
 "conan-protocol",
]

[[package]]
name = "conan-database"
version = "1.0.0"

[[package]]
name = "conan-protocol"
version = "1.0.0"

[[package]]
name = "conan-server"
version = "1.0.0"
